
Microsoft Visual Studio Solution File, Format Version 12.00
# Visual Studio Version 17
VisualStudioVersion = 17.8.34330.188
MinimumVisualStudioVersion = 10.0.40219.1
Project("{FAE04EC0-301F-11D3-BF4B-00C04F79EFBC}") = "Bislerium cafe", "Bislerium cafe.csproj", "{D02C5BD9-A7B1-4822-AD49-1FD4038E6C4C}"
EndProject
Global
	GlobalSection(SolutionConfigurationPlatforms) = preSolution
		Debug|Any CPU = Debug|Any CPU
		Release|Any CPU = Release|Any CPU
	EndGlobalSection
	GlobalSection(ProjectConfigurationPlatforms) = postSolution
		{D02C5BD9-A7B1-4822-AD49-1FD4038E6C4C}.Debug|Any CPU.ActiveCfg = Debug|Any CPU
		{D02C5BD9-A7B1-4822-AD49-1FD4038E6C4C}.Debug|Any CPU.Build.0 = Debug|Any CPU
		{D02C5BD9-A7B1-4822-AD49-1FD4038E6C4C}.Release|Any CPU.ActiveCfg = Release|Any CPU
		{D02C5BD9-A7B1-4822-AD49-1FD4038E6C4C}.Release|Any CPU.Build.0 = Release|Any CPU
	EndGlobalSection
	GlobalSection(SolutionProperties) = preSolution
		HideSolutionNode = FALSE
	EndGlobalSection
	GlobalSection(ExtensibilityGlobals) = postSolution
		SolutionGuid = {6F6C448E-7242-4786-9C67-A6FE5970DA99}
	EndGlobalSection
EndGlobal
