
Microsoft Visual Studio Solution File, Format Version 12.00
# Visual Studio Version 17
VisualStudioVersion = 17.8.34330.188
MinimumVisualStudioVersion = 10.0.40219.1
Project("{FAE04EC0-301F-11D3-BF4B-00C04F79EFBC}") = "BrewHub", "BrewHub.csproj", "{525ED3EB-4DAD-41ED-838B-F80310FB5CFC}"
EndProject
Global
	GlobalSection(SolutionConfigurationPlatforms) = preSolution
		Debug|Any CPU = Debug|Any CPU
		Release|Any CPU = Release|Any CPU
	EndGlobalSection
	GlobalSection(ProjectConfigurationPlatforms) = postSolution
		{525ED3EB-4DAD-41ED-838B-F80310FB5CFC}.Debug|Any CPU.ActiveCfg = Debug|Any CPU
		{525ED3EB-4DAD-41ED-838B-F80310FB5CFC}.Debug|Any CPU.Build.0 = Debug|Any CPU
		{525ED3EB-4DAD-41ED-838B-F80310FB5CFC}.Release|Any CPU.ActiveCfg = Release|Any CPU
		{525ED3EB-4DAD-41ED-838B-F80310FB5CFC}.Release|Any CPU.Build.0 = Release|Any CPU
	EndGlobalSection
	GlobalSection(SolutionProperties) = preSolution
		HideSolutionNode = FALSE
	EndGlobalSection
	GlobalSection(ExtensibilityGlobals) = postSolution
		SolutionGuid = {057081C6-14EE-4A9E-95D5-58787431D6FC}
	EndGlobalSection
EndGlobal
